
Microsoft Visual Studio Solution File, Format Version 12.00
# Visual Studio Version 17
VisualStudioVersion = 17.5.33516.290
MinimumVisualStudioVersion = 10.0.40219.1
Project("{9A19103F-16F7-4668-BE54-9A1E7A4F7556}") = "MagicVilla", "MagicVilla\MagicVilla.csproj", "{8473F0F4-F8F0-44D5-B748-54A0BEE179B7}"
EndProject
Project("{FAE04EC0-301F-11D3-BF4B-00C04F79EFBC}") = "MagicVilla_Web", "MagicVilla_Web\MagicVilla_Web.csproj", "{A832D654-E7E5-480B-A4C8-3746BB30B6B9}"
EndProject
Project("{FAE04EC0-301F-11D3-BF4B-00C04F79EFBC}") = "MagicVilla_Utility", "MagicVilla_Utility\MagicVilla_Utility.csproj", "{C6586182-73DB-4121-BBDC-B53797388202}"
EndProject
Global
	GlobalSection(SolutionConfigurationPlatforms) = preSolution
		Debug|Any CPU = Debug|Any CPU
		Release|Any CPU = Release|Any CPU
	EndGlobalSection
	GlobalSection(ProjectConfigurationPlatforms) = postSolution
		{8473F0F4-F8F0-44D5-B748-54A0BEE179B7}.Debug|Any CPU.ActiveCfg = Debug|Any CPU
		{8473F0F4-F8F0-44D5-B748-54A0BEE179B7}.Debug|Any CPU.Build.0 = Debug|Any CPU
		{8473F0F4-F8F0-44D5-B748-54A0BEE179B7}.Release|Any CPU.ActiveCfg = Release|Any CPU
		{8473F0F4-F8F0-44D5-B748-54A0BEE179B7}.Release|Any CPU.Build.0 = Release|Any CPU
		{A832D654-E7E5-480B-A4C8-3746BB30B6B9}.Debug|Any CPU.ActiveCfg = Debug|Any CPU
		{A832D654-E7E5-480B-A4C8-3746BB30B6B9}.Debug|Any CPU.Build.0 = Debug|Any CPU
		{A832D654-E7E5-480B-A4C8-3746BB30B6B9}.Release|Any CPU.ActiveCfg = Release|Any CPU
		{A832D654-E7E5-480B-A4C8-3746BB30B6B9}.Release|Any CPU.Build.0 = Release|Any CPU
		{C6586182-73DB-4121-BBDC-B53797388202}.Debug|Any CPU.ActiveCfg = Debug|Any CPU
		{C6586182-73DB-4121-BBDC-B53797388202}.Debug|Any CPU.Build.0 = Debug|Any CPU
		{C6586182-73DB-4121-BBDC-B53797388202}.Release|Any CPU.ActiveCfg = Release|Any CPU
		{C6586182-73DB-4121-BBDC-B53797388202}.Release|Any CPU.Build.0 = Release|Any CPU
	EndGlobalSection
	GlobalSection(SolutionProperties) = preSolution
		HideSolutionNode = FALSE
	EndGlobalSection
	GlobalSection(ExtensibilityGlobals) = postSolution
		SolutionGuid = {373AD4AE-A083-4025-A793-31B53A70082B}
	EndGlobalSection
EndGlobal
